
Microsoft Visual Studio Solution File, Format Version 12.00
# Visual Studio Version 16
VisualStudioVersion = 16.0.30523.141
MinimumVisualStudioVersion = 10.0.40219.1
Project("{FAE04EC0-301F-11D3-BF4B-00C04F79EFBC}") = "AbhinavEmailSender", "AbhinavEmailSender\AbhinavEmailSender.csproj", "{361B9E70-D948-4FEF-8091-BA3009C24E6F}"
EndProject
Project("{FAE04EC0-301F-11D3-BF4B-00C04F79EFBC}") = "BusinessAccess", "BusinessAccess\BusinessAccess.csproj", "{682CAF9E-C4FA-42E4-9396-832C2C1AFC8B}"
EndProject
Global
	GlobalSection(SolutionConfigurationPlatforms) = preSolution
		Debug|Any CPU = Debug|Any CPU
		Release|Any CPU = Release|Any CPU
	EndGlobalSection
	GlobalSection(ProjectConfigurationPlatforms) = postSolution
		{361B9E70-D948-4FEF-8091-BA3009C24E6F}.Debug|Any CPU.ActiveCfg = Debug|Any CPU
		{361B9E70-D948-4FEF-8091-BA3009C24E6F}.Debug|Any CPU.Build.0 = Debug|Any CPU
		{361B9E70-D948-4FEF-8091-BA3009C24E6F}.Release|Any CPU.ActiveCfg = Release|Any CPU
		{361B9E70-D948-4FEF-8091-BA3009C24E6F}.Release|Any CPU.Build.0 = Release|Any CPU
		{682CAF9E-C4FA-42E4-9396-832C2C1AFC8B}.Debug|Any CPU.ActiveCfg = Debug|Any CPU
		{682CAF9E-C4FA-42E4-9396-832C2C1AFC8B}.Debug|Any CPU.Build.0 = Debug|Any CPU
		{682CAF9E-C4FA-42E4-9396-832C2C1AFC8B}.Release|Any CPU.ActiveCfg = Release|Any CPU
		{682CAF9E-C4FA-42E4-9396-832C2C1AFC8B}.Release|Any CPU.Build.0 = Release|Any CPU
	EndGlobalSection
	GlobalSection(SolutionProperties) = preSolution
		HideSolutionNode = FALSE
	EndGlobalSection
	GlobalSection(ExtensibilityGlobals) = postSolution
		SolutionGuid = {1B223261-E1A0-4E92-A8CA-61C10E0CC397}
	EndGlobalSection
EndGlobal
